// !$*UTF8*$!
{
	archiveVersion = 1;
	classes = {
	};
	objectVersion = 53;
	objects = {

/* Begin PBXBuildFile section */
		3C002B4D25A06E6A004C4E3D /* Pods_SMServer_Mac.framework in Frameworks */ = {isa = PBXBuildFile; fileRef = 0007B80E5E922ECFAA2FC353 /* Pods_SMServer_Mac.framework */; platformFilter = maccatalyst; };
		3C002B4E25A06E6A004C4E3D /* Pods_SMServer_Mac.framework in Embed Frameworks */ = {isa = PBXBuildFile; fileRef = 0007B80E5E922ECFAA2FC353 /* Pods_SMServer_Mac.framework */; platformFilter = maccatalyst; settings = {ATTRIBUTES = (CodeSignOnCopy, RemoveHeadersOnCopy, ); }; };
		3C002B6325A06FA3004C4E3D /* SettingsView.swift in Sources */ = {isa = PBXBuildFile; fileRef = 3CA5865E259FF1E90063963B /* SettingsView.swift */; };
		3C002B6525A06FA3004C4E3D /* AppDelegate.swift in Sources */ = {isa = PBXBuildFile; fileRef = 3CA58660259FF1E90063963B /* AppDelegate.swift */; };
		3C002B6625A06FA3004C4E3D /* ContentView.swift in Sources */ = {isa = PBXBuildFile; fileRef = 3CA58661259FF1E90063963B /* ContentView.swift */; };
		3C002B6725A06FA3004C4E3D /* SceneDelegate.swift in Sources */ = {isa = PBXBuildFile; fileRef = 3CA58662259FF1E90063963B /* SceneDelegate.swift */; };
		3C128FEE259FEE4F0072CFD3 /* html in Resources */ = {isa = PBXBuildFile; fileRef = 3C562A37245FB4A000A4474B /* html */; };
		3C128FEF259FEE4F0072CFD3 /* identity.pfx in Resources */ = {isa = PBXBuildFile; fileRef = 3C69EB3024E77F7800F48291 /* identity.pfx */; };
		3C128FF1259FEE4F0072CFD3 /* cert.der in Resources */ = {isa = PBXBuildFile; fileRef = 3C69EB2E24E77F1D00F48291 /* cert.der */; };
		3C128FF2259FEE4F0072CFD3 /* Preview Assets.xcassets in Resources */ = {isa = PBXBuildFile; fileRef = 3C760E8F245BCFE100EF24FE /* Preview Assets.xcassets */; };
		3C128FF3259FEE4F0072CFD3 /* Assets.xcassets in Resources */ = {isa = PBXBuildFile; fileRef = 3C760E8C245BCFE100EF24FE /* Assets.xcassets */; };
		3C3B303C25F2BE3100EE8B68 /* Image.swift in Sources */ = {isa = PBXBuildFile; fileRef = 3C3B303B25F2BE3100EE8B68 /* Image.swift */; };
		3C3B303D25F2BE3100EE8B68 /* Image.swift in Sources */ = {isa = PBXBuildFile; fileRef = 3C3B303B25F2BE3100EE8B68 /* Image.swift */; };
		3C524F2625B13A72009CA5DC /* Sender.m in Sources */ = {isa = PBXBuildFile; fileRef = 3C7963FF25A12670006AFD7C /* Sender.m */; };
		3C562A38245FB4A100A4474B /* html in Resources */ = {isa = PBXBuildFile; fileRef = 3C562A37245FB4A000A4474B /* html */; };
		3C5F2BDD25F6CB3D00BAEB60 /* libmryipc.dylib in Frameworks */ = {isa = PBXBuildFile; fileRef = 3C6A5FB424B3EBBF00102AE2 /* libmryipc.dylib */; settings = {ATTRIBUTES = (Required, ); }; };
		3C5F2BDE25F6CB3D00BAEB60 /* libmryipc.dylib in Embed Frameworks */ = {isa = PBXBuildFile; fileRef = 3C6A5FB424B3EBBF00102AE2 /* libmryipc.dylib */; settings = {ATTRIBUTES = (CodeSignOnCopy, ); }; };
		3C69EB2F24E77F1D00F48291 /* cert.der in Resources */ = {isa = PBXBuildFile; fileRef = 3C69EB2E24E77F1D00F48291 /* cert.der */; };
		3C69EB3124E77F7800F48291 /* identity.pfx in Resources */ = {isa = PBXBuildFile; fileRef = 3C69EB3024E77F7800F48291 /* identity.pfx */; };
		3C760E8D245BCFE100EF24FE /* Assets.xcassets in Resources */ = {isa = PBXBuildFile; fileRef = 3C760E8C245BCFE100EF24FE /* Assets.xcassets */; };
		3C760E90245BCFE100EF24FE /* Preview Assets.xcassets in Resources */ = {isa = PBXBuildFile; fileRef = 3C760E8F245BCFE100EF24FE /* Preview Assets.xcassets */; };
		3C760E93245BCFE100EF24FE /* LaunchScreen.storyboard in Resources */ = {isa = PBXBuildFile; fileRef = 3C760E91245BCFE100EF24FE /* LaunchScreen.storyboard */; };
		3C79640225A12705006AFD7C /* Sender.m in Sources */ = {isa = PBXBuildFile; fileRef = 3C79640125A12705006AFD7C /* Sender.m */; };
		3C79640525A128EC006AFD7C /* main.swift in Sources */ = {isa = PBXBuildFile; fileRef = 3C79640425A128EC006AFD7C /* main.swift */; };
		3C79641125A13AF4006AFD7C /* Settings.swift in Sources */ = {isa = PBXBuildFile; fileRef = 3C79641025A13AF4006AFD7C /* Settings.swift */; };
		3C79641225A13AF4006AFD7C /* Settings.swift in Sources */ = {isa = PBXBuildFile; fileRef = 3C79641025A13AF4006AFD7C /* Settings.swift */; };
		3C88306D25F2D1BD00FACDEB /* Pods_SMServer.framework in Frameworks */ = {isa = PBXBuildFile; fileRef = AE4FA90AF707F557B3432C60 /* Pods_SMServer.framework */; };
		3C88307825F2D25700FACDEB /* Pods_SMServer.framework in Embed Frameworks */ = {isa = PBXBuildFile; fileRef = 8A41F2E4B7466BB1FED4AB51 /* Pods_SMServer.framework */; settings = {ATTRIBUTES = (CodeSignOnCopy, RemoveHeadersOnCopy, ); }; };
		3CA58671259FF1EA0063963B /* Constants.swift in Sources */ = {isa = PBXBuildFile; fileRef = 3CA58664259FF1E90063963B /* Constants.swift */; };
		3CA58672259FF1EA0063963B /* ChatDelegate.swift in Sources */ = {isa = PBXBuildFile; fileRef = 3CA58665259FF1E90063963B /* ChatDelegate.swift */; };
		3CA58673259FF1EA0063963B /* IdentityPass.swift in Sources */ = {isa = PBXBuildFile; fileRef = 3CA58666259FF1E90063963B /* IdentityPass.swift */; };
		3CA58674259FF1EA0063963B /* ServerDelegate.swift in Sources */ = {isa = PBXBuildFile; fileRef = 3CA58669259FF1E90063963B /* ServerDelegate.swift */; };
		3CA58675259FF1EA0063963B /* SocketDelegate.swift in Sources */ = {isa = PBXBuildFile; fileRef = 3CA5866A259FF1E90063963B /* SocketDelegate.swift */; };
		3CA5867B259FF2110063963B /* Constants.swift in Sources */ = {isa = PBXBuildFile; fileRef = 3CA58664259FF1E90063963B /* Constants.swift */; };
		3CA5867C259FF2110063963B /* ChatDelegate.swift in Sources */ = {isa = PBXBuildFile; fileRef = 3CA58665259FF1E90063963B /* ChatDelegate.swift */; };
		3CA5867D259FF2110063963B /* IdentityPass.swift in Sources */ = {isa = PBXBuildFile; fileRef = 3CA58666259FF1E90063963B /* IdentityPass.swift */; };
		3CA5867E259FF2110063963B /* ServerDelegate.swift in Sources */ = {isa = PBXBuildFile; fileRef = 3CA58669259FF1E90063963B /* ServerDelegate.swift */; };
		3CA5867F259FF2110063963B /* SocketDelegate.swift in Sources */ = {isa = PBXBuildFile; fileRef = 3CA5866A259FF1E90063963B /* SocketDelegate.swift */; };
		3CFFB0932655D56A002F1AC5 /* Sender.m in Sources */ = {isa = PBXBuildFile; fileRef = 3C7963FF25A12670006AFD7C /* Sender.m */; };
		3CFFB0942655D56A002F1AC5 /* Image.swift in Sources */ = {isa = PBXBuildFile; fileRef = 3C3B303B25F2BE3100EE8B68 /* Image.swift */; };
		3CFFB0992655D56A002F1AC5 /* Settings.swift in Sources */ = {isa = PBXBuildFile; fileRef = 3C79641025A13AF4006AFD7C /* Settings.swift */; };
		3CFFB09A2655D56A002F1AC5 /* ChatDelegate.swift in Sources */ = {isa = PBXBuildFile; fileRef = 3CA58665259FF1E90063963B /* ChatDelegate.swift */; };
		3CFFB09B2655D56A002F1AC5 /* ServerDelegate.swift in Sources */ = {isa = PBXBuildFile; fileRef = 3CA58669259FF1E90063963B /* ServerDelegate.swift */; };
		3CFFB09C2655D56A002F1AC5 /* SocketDelegate.swift in Sources */ = {isa = PBXBuildFile; fileRef = 3CA5866A259FF1E90063963B /* SocketDelegate.swift */; };
		3CFFB09D2655D56A002F1AC5 /* Constants.swift in Sources */ = {isa = PBXBuildFile; fileRef = 3CA58664259FF1E90063963B /* Constants.swift */; };
		3CFFB09E2655D56A002F1AC5 /* IdentityPass.swift in Sources */ = {isa = PBXBuildFile; fileRef = 3CA58666259FF1E90063963B /* IdentityPass.swift */; };
		3CFFB0A02655D56A002F1AC5 /* libmryipc.dylib in Frameworks */ = {isa = PBXBuildFile; fileRef = 3C6A5FB424B3EBBF00102AE2 /* libmryipc.dylib */; settings = {ATTRIBUTES = (Required, ); }; };
		3CFFB0A12655D56A002F1AC5 /* Pods_SMServer.framework in Frameworks */ = {isa = PBXBuildFile; fileRef = AE4FA90AF707F557B3432C60 /* Pods_SMServer.framework */; };
		3CFFB0A22655D56A002F1AC5 /* Pods_SMServer.framework in Frameworks */ = {isa = PBXBuildFile; fileRef = 8A41F2E4B7466BB1FED4AB51 /* Pods_SMServer.framework */; };
		3CFFB0A42655D56A002F1AC5 /* html in Resources */ = {isa = PBXBuildFile; fileRef = 3C562A37245FB4A000A4474B /* html */; };
		3CFFB0A52655D56A002F1AC5 /* identity.pfx in Resources */ = {isa = PBXBuildFile; fileRef = 3C69EB3024E77F7800F48291 /* identity.pfx */; };
		3CFFB0A62655D56A002F1AC5 /* LaunchScreen.storyboard in Resources */ = {isa = PBXBuildFile; fileRef = 3C760E91245BCFE100EF24FE /* LaunchScreen.storyboard */; };
		3CFFB0A72655D56A002F1AC5 /* cert.der in Resources */ = {isa = PBXBuildFile; fileRef = 3C69EB2E24E77F1D00F48291 /* cert.der */; };
		3CFFB0A82655D56A002F1AC5 /* Preview Assets.xcassets in Resources */ = {isa = PBXBuildFile; fileRef = 3C760E8F245BCFE100EF24FE /* Preview Assets.xcassets */; };
		3CFFB0A92655D56A002F1AC5 /* Assets.xcassets in Resources */ = {isa = PBXBuildFile; fileRef = 3C760E8C245BCFE100EF24FE /* Assets.xcassets */; };
		3CFFB0AB2655D56A002F1AC5 /* libmryipc.dylib in Embed Frameworks */ = {isa = PBXBuildFile; fileRef = 3C6A5FB424B3EBBF00102AE2 /* libmryipc.dylib */; settings = {ATTRIBUTES = (CodeSignOnCopy, ); }; };
		3CFFB0AC2655D56A002F1AC5 /* Pods_SMServer.framework in Embed Frameworks */ = {isa = PBXBuildFile; fileRef = 8A41F2E4B7466BB1FED4AB51 /* Pods_SMServer.framework */; settings = {ATTRIBUTES = (CodeSignOnCopy, RemoveHeadersOnCopy, ); }; };
		3CFFB0B42655D6DF002F1AC5 /* entry.swift in Sources */ = {isa = PBXBuildFile; fileRef = 3CFFB0B32655D6DF002F1AC5 /* entry.swift */; };
		3CFFB0B52655D726002F1AC5 /* entry.swift in Sources */ = {isa = PBXBuildFile; fileRef = 3CFFB0B32655D6DF002F1AC5 /* entry.swift */; };
		AEBF69C8F3C5E563775B5FDF /* Pods_SMServer.framework in Frameworks */ = {isa = PBXBuildFile; fileRef = 8A41F2E4B7466BB1FED4AB51 /* Pods_SMServer.framework */; };
/* End PBXBuildFile section */

/* Begin PBXCopyFilesBuildPhase section */
		3C128FF4259FEE4F0072CFD3 /* Embed Frameworks */ = {
			isa = PBXCopyFilesBuildPhase;
			buildActionMask = 2147483647;
			dstPath = "";
			dstSubfolderSpec = 10;
			files = (
				3C002B4E25A06E6A004C4E3D /* Pods_SMServer_Mac.framework in Embed Frameworks */,
			);
			name = "Embed Frameworks";
			runOnlyForDeploymentPostprocessing = 0;
		};
		3C6713FA24722635002EBBDF /* Embed Frameworks */ = {
			isa = PBXCopyFilesBuildPhase;
			buildActionMask = 2147483647;
			dstPath = "";
			dstSubfolderSpec = 10;
			files = (
				3C5F2BDE25F6CB3D00BAEB60 /* libmryipc.dylib in Embed Frameworks */,
				3C88307825F2D25700FACDEB /* Pods_SMServer.framework in Embed Frameworks */,
			);
			name = "Embed Frameworks";
			runOnlyForDeploymentPostprocessing = 0;
		};
		3CFFB0AA2655D56A002F1AC5 /* Embed Frameworks */ = {
			isa = PBXCopyFilesBuildPhase;
			buildActionMask = 2147483647;
			dstPath = "";
			dstSubfolderSpec = 10;
			files = (
				3CFFB0AB2655D56A002F1AC5 /* libmryipc.dylib in Embed Frameworks */,
				3CFFB0AC2655D56A002F1AC5 /* Pods_SMServer.framework in Embed Frameworks */,
			);
			name = "Embed Frameworks";
			runOnlyForDeploymentPostprocessing = 0;
		};
/* End PBXCopyFilesBuildPhase section */

/* Begin PBXFileReference section */
		0007B80E5E922ECFAA2FC353 /* Pods_SMServer_Mac.framework */ = {isa = PBXFileReference; explicitFileType = wrapper.framework; includeInIndex = 0; path = Pods_SMServer_Mac.framework; sourceTree = BUILT_PRODUCTS_DIR; };
		3C11174F24CCF3AC0065894F /* ExternalAccessory.framework */ = {isa = PBXFileReference; lastKnownFileType = wrapper.framework; name = ExternalAccessory.framework; path = System/Library/Frameworks/ExternalAccessory.framework; sourceTree = SDKROOT; };
		3C128FFB259FEE4F0072CFD3 /* SMServer_Mac.app */ = {isa = PBXFileReference; explicitFileType = wrapper.application; includeInIndex = 0; path = SMServer_Mac.app; sourceTree = BUILT_PRODUCTS_DIR; };
		3C17D59B25A3A80F00D27CFE /* IPCTextWatcher.m */ = {isa = PBXFileReference; lastKnownFileType = sourcecode.c.objc; path = IPCTextWatcher.m; sourceTree = "<group>"; };
		3C17D59D25A3A83E00D27CFE /* IPCTextWatcher.h */ = {isa = PBXFileReference; lastKnownFileType = sourcecode.c.h; path = IPCTextWatcher.h; sourceTree = "<group>"; };
		3C17D59F25A3AEAA00D27CFE /* PrivateHeaders.h */ = {isa = PBXFileReference; lastKnownFileType = sourcecode.c.h; path = PrivateHeaders.h; sourceTree = "<group>"; };
		3C3B303B25F2BE3100EE8B68 /* Image.swift */ = {isa = PBXFileReference; lastKnownFileType = sourcecode.swift; path = Image.swift; sourceTree = "<group>"; };
		3C562A37245FB4A000A4474B /* html */ = {isa = PBXFileReference; lastKnownFileType = folder; name = html; path = SMServer/html; sourceTree = "<group>"; };
		3C69EB2E24E77F1D00F48291 /* cert.der */ = {isa = PBXFileReference; lastKnownFileType = file; path = cert.der; sourceTree = "<group>"; };
		3C69EB3024E77F7800F48291 /* identity.pfx */ = {isa = PBXFileReference; lastKnownFileType = file; path = identity.pfx; sourceTree = "<group>"; };
		3C6A5FB424B3EBBF00102AE2 /* libmryipc.dylib */ = {isa = PBXFileReference; lastKnownFileType = "compiled.mach-o.dylib"; path = libmryipc.dylib; sourceTree = "<group>"; };
		3C760E83245BCFE000EF24FE /* SMServer.app */ = {isa = PBXFileReference; explicitFileType = wrapper.application; includeInIndex = 0; path = SMServer.app; sourceTree = BUILT_PRODUCTS_DIR; };
		3C760E8C245BCFE100EF24FE /* Assets.xcassets */ = {isa = PBXFileReference; lastKnownFileType = folder.assetcatalog; path = Assets.xcassets; sourceTree = "<group>"; };
		3C760E8F245BCFE100EF24FE /* Preview Assets.xcassets */ = {isa = PBXFileReference; lastKnownFileType = folder.assetcatalog; path = "Preview Assets.xcassets"; sourceTree = "<group>"; };
		3C760E92245BCFE100EF24FE /* Base */ = {isa = PBXFileReference; lastKnownFileType = file.storyboard; name = Base; path = Base.lproj/LaunchScreen.storyboard; sourceTree = "<group>"; };
		3C760E94245BCFE100EF24FE /* Info.plist */ = {isa = PBXFileReference; lastKnownFileType = text.plist.xml; path = Info.plist; sourceTree = "<group>"; };
		3C7963FC25A12416006AFD7C /* Cocoa.framework */ = {isa = PBXFileReference; lastKnownFileType = wrapper.framework; name = Cocoa.framework; path = Platforms/MacOSX.platform/Developer/SDKs/MacOSX11.1.sdk/System/Library/Frameworks/Cocoa.framework; sourceTree = DEVELOPER_DIR; };
		3C7963FE25A12670006AFD7C /* Sender.h */ = {isa = PBXFileReference; fileEncoding = 4; lastKnownFileType = sourcecode.c.h; path = Sender.h; sourceTree = "<group>"; };
		3C7963FF25A12670006AFD7C /* Sender.m */ = {isa = PBXFileReference; fileEncoding = 4; lastKnownFileType = sourcecode.c.objc; path = Sender.m; sourceTree = "<group>"; };
		3C79640125A12705006AFD7C /* Sender.m */ = {isa = PBXFileReference; lastKnownFileType = sourcecode.c.objc; path = Sender.m; sourceTree = "<group>"; };
		3C79640325A1288D006AFD7C /* Sender.h */ = {isa = PBXFileReference; fileEncoding = 4; lastKnownFileType = sourcecode.c.h; path = Sender.h; sourceTree = "<group>"; };
		3C79640425A128EC006AFD7C /* main.swift */ = {isa = PBXFileReference; lastKnownFileType = sourcecode.swift; path = main.swift; sourceTree = "<group>"; };
		3C79641025A13AF4006AFD7C /* Settings.swift */ = {isa = PBXFileReference; lastKnownFileType = sourcecode.swift; path = Settings.swift; sourceTree = "<group>"; };
		3C88306225F2D06C00FACDEB /* SMServerIPC.h */ = {isa = PBXFileReference; lastKnownFileType = sourcecode.c.h; path = SMServerIPC.h; sourceTree = "<group>"; };
		3CA5865E259FF1E90063963B /* SettingsView.swift */ = {isa = PBXFileReference; fileEncoding = 4; lastKnownFileType = sourcecode.swift; path = SettingsView.swift; sourceTree = "<group>"; };
		3CA5865F259FF1E90063963B /* MRYIPCCenter.h */ = {isa = PBXFileReference; fileEncoding = 4; lastKnownFileType = sourcecode.c.h; path = MRYIPCCenter.h; sourceTree = "<group>"; };
		3CA58660259FF1E90063963B /* AppDelegate.swift */ = {isa = PBXFileReference; fileEncoding = 4; lastKnownFileType = sourcecode.swift; path = AppDelegate.swift; sourceTree = "<group>"; };
		3CA58661259FF1E90063963B /* ContentView.swift */ = {isa = PBXFileReference; fileEncoding = 4; lastKnownFileType = sourcecode.swift; path = ContentView.swift; sourceTree = "<group>"; };
		3CA58662259FF1E90063963B /* SceneDelegate.swift */ = {isa = PBXFileReference; fileEncoding = 4; lastKnownFileType = sourcecode.swift; path = SceneDelegate.swift; sourceTree = "<group>"; };
		3CA58664259FF1E90063963B /* Constants.swift */ = {isa = PBXFileReference; fileEncoding = 4; lastKnownFileType = sourcecode.swift; path = Constants.swift; sourceTree = "<group>"; };
		3CA58665259FF1E90063963B /* ChatDelegate.swift */ = {isa = PBXFileReference; fileEncoding = 4; lastKnownFileType = sourcecode.swift; path = ChatDelegate.swift; sourceTree = "<group>"; };
		3CA58666259FF1E90063963B /* IdentityPass.swift */ = {isa = PBXFileReference; fileEncoding = 4; lastKnownFileType = sourcecode.swift; path = IdentityPass.swift; sourceTree = "<group>"; };
		3CA58667259FF1E90063963B /* SMServer-Bridging-Header.h */ = {isa = PBXFileReference; fileEncoding = 4; lastKnownFileType = sourcecode.c.h; path = "SMServer-Bridging-Header.h"; sourceTree = "<group>"; };
		3CA58669259FF1E90063963B /* ServerDelegate.swift */ = {isa = PBXFileReference; fileEncoding = 4; lastKnownFileType = sourcecode.swift; path = ServerDelegate.swift; sourceTree = "<group>"; };
		3CA5866A259FF1E90063963B /* SocketDelegate.swift */ = {isa = PBXFileReference; fileEncoding = 4; lastKnownFileType = sourcecode.swift; path = SocketDelegate.swift; sourceTree = "<group>"; };
		3CB981AA24BA8E9C00724AA4 /* libmryipc.dylib */ = {isa = PBXFileReference; lastKnownFileType = "compiled.mach-o.dylib"; name = libmryipc.dylib; path = ../../../../../../theos/lib/libmryipc.dylib; sourceTree = "<group>"; };
		3CD012E3247CD42500973951 /* SMServer.entitlements */ = {isa = PBXFileReference; lastKnownFileType = text.plist.entitlements; path = SMServer.entitlements; sourceTree = "<group>"; };
		3CFFB0B12655D56A002F1AC5 /* SMServer12.app */ = {isa = PBXFileReference; explicitFileType = wrapper.application; includeInIndex = 0; path = SMServer12.app; sourceTree = BUILT_PRODUCTS_DIR; };
		3CFFB0B22655D56A002F1AC5 /* SMServer copy-Info.plist */ = {isa = PBXFileReference; lastKnownFileType = text.plist.xml; name = "SMServer copy-Info.plist"; path = "/Users/ian/Documents/Coding/Personal/smserver_stuff/SMServer/src/SMServer copy-Info.plist"; sourceTree = "<absolute>"; };
		3CFFB0B32655D6DF002F1AC5 /* entry.swift */ = {isa = PBXFileReference; lastKnownFileType = sourcecode.swift; path = entry.swift; sourceTree = "<group>"; };
		6702A9494D37C194359FF204 /* Pods-SMServer.release.xcconfig */ = {isa = PBXFileReference; includeInIndex = 1; lastKnownFileType = text.xcconfig; name = "Pods-SMServer.release.xcconfig"; path = "Target Support Files/Pods-SMServer/Pods-SMServer.release.xcconfig"; sourceTree = "<group>"; };
		695E11A8D6758027462A7F3A /* Pods-SMServer.debug.xcconfig */ = {isa = PBXFileReference; includeInIndex = 1; lastKnownFileType = text.xcconfig; name = "Pods-SMServer.debug.xcconfig"; path = "Target Support Files/Pods-SMServer/Pods-SMServer.debug.xcconfig"; sourceTree = "<group>"; };
		8A41F2E4B7466BB1FED4AB51 /* Pods_SMServer.framework */ = {isa = PBXFileReference; explicitFileType = wrapper.framework; includeInIndex = 0; path = Pods_SMServer.framework; sourceTree = BUILT_PRODUCTS_DIR; };
		9BC69885CFAB9A48EC757B84 /* Pods-SMServer_Mac.debug.xcconfig */ = {isa = PBXFileReference; includeInIndex = 1; lastKnownFileType = text.xcconfig; name = "Pods-SMServer_Mac.debug.xcconfig"; path = "Target Support Files/Pods-SMServer_Mac/Pods-SMServer_Mac.debug.xcconfig"; sourceTree = "<group>"; };
		AE4FA90AF707F557B3432C60 /* Pods_SMServer.framework */ = {isa = PBXFileReference; explicitFileType = wrapper.framework; includeInIndex = 0; path = Pods_SMServer.framework; sourceTree = BUILT_PRODUCTS_DIR; };
		D79C5EBFD0D8FB94CF28FECF /* Pods-SMServer_Mac.release.xcconfig */ = {isa = PBXFileReference; includeInIndex = 1; lastKnownFileType = text.xcconfig; name = "Pods-SMServer_Mac.release.xcconfig"; path = "Target Support Files/Pods-SMServer_Mac/Pods-SMServer_Mac.release.xcconfig"; sourceTree = "<group>"; };
/* End PBXFileReference section */

/* Begin PBXFrameworksBuildPhase section */
		3C128FE9259FEE4F0072CFD3 /* Frameworks */ = {
			isa = PBXFrameworksBuildPhase;
			buildActionMask = 2147483647;
			files = (
				3C002B4D25A06E6A004C4E3D /* Pods_SMServer_Mac.framework in Frameworks */,
			);
			runOnlyForDeploymentPostprocessing = 0;
		};
		3C760E80245BCFE000EF24FE /* Frameworks */ = {
			isa = PBXFrameworksBuildPhase;
			buildActionMask = 2147483647;
			files = (
				3C5F2BDD25F6CB3D00BAEB60 /* libmryipc.dylib in Frameworks */,
				3C88306D25F2D1BD00FACDEB /* Pods_SMServer.framework in Frameworks */,
				AEBF69C8F3C5E563775B5FDF /* Pods_SMServer.framework in Frameworks */,
			);
			runOnlyForDeploymentPostprocessing = 0;
		};
		3CFFB09F2655D56A002F1AC5 /* Frameworks */ = {
			isa = PBXFrameworksBuildPhase;
			buildActionMask = 2147483647;
			files = (
				3CFFB0A02655D56A002F1AC5 /* libmryipc.dylib in Frameworks */,
				3CFFB0A12655D56A002F1AC5 /* Pods_SMServer.framework in Frameworks */,
				3CFFB0A22655D56A002F1AC5 /* Pods_SMServer.framework in Frameworks */,
			);
			runOnlyForDeploymentPostprocessing = 0;
		};
/* End PBXFrameworksBuildPhase section */

/* Begin PBXGroup section */
		00B47E94EB56A64768B969DE /* Frameworks */ = {
			isa = PBXGroup;
			children = (
				3C7963FC25A12416006AFD7C /* Cocoa.framework */,
				3C11174F24CCF3AC0065894F /* ExternalAccessory.framework */,
				3CB981AA24BA8E9C00724AA4 /* libmryipc.dylib */,
				0007B80E5E922ECFAA2FC353 /* Pods_SMServer_Mac.framework */,
				8A41F2E4B7466BB1FED4AB51 /* Pods_SMServer.framework */,
			);
			name = Frameworks;
			sourceTree = "<group>";
		};
		3C760E7A245BCFE000EF24FE = {
			isa = PBXGroup;
			children = (
				3C562A37245FB4A000A4474B /* html */,
				3C760E85245BCFE000EF24FE /* SMServer */,
				3C760E84245BCFE000EF24FE /* Products */,
				9AD8FBCC73D9F16CE0A7770A /* Pods */,
				00B47E94EB56A64768B969DE /* Frameworks */,
				3CB981B224BAAB3B00724AA4 /* Recovered References */,
				3CFFB0B22655D56A002F1AC5 /* SMServer copy-Info.plist */,
			);
			sourceTree = "<group>";
		};
		3C760E84245BCFE000EF24FE /* Products */ = {
			isa = PBXGroup;
			children = (
				3C760E83245BCFE000EF24FE /* SMServer.app */,
				3C128FFB259FEE4F0072CFD3 /* SMServer_Mac.app */,
				3CFFB0B12655D56A002F1AC5 /* SMServer12.app */,
			);
			name = Products;
			sourceTree = "<group>";
		};
		3C760E85245BCFE000EF24FE /* SMServer */ = {
			isa = PBXGroup;
			children = (
				3CA5865D259FF1E90063963B /* ios */,
				3CA5866C259FF1E90063963B /* mac */,
				3CA58663259FF1E90063963B /* shared */,
				3CD012E3247CD42500973951 /* SMServer.entitlements */,
				3C69EB3024E77F7800F48291 /* identity.pfx */,
				3C69EB2E24E77F1D00F48291 /* cert.der */,
				3C6A5FB424B3EBBF00102AE2 /* libmryipc.dylib */,
				3C760E8C245BCFE100EF24FE /* Assets.xcassets */,
				3C760E91245BCFE100EF24FE /* LaunchScreen.storyboard */,
				3C760E94245BCFE100EF24FE /* Info.plist */,
				3C760E8E245BCFE100EF24FE /* Preview Content */,
			);
			path = SMServer;
			sourceTree = "<group>";
		};
		3C760E8E245BCFE100EF24FE /* Preview Content */ = {
			isa = PBXGroup;
			children = (
				3C760E8F245BCFE100EF24FE /* Preview Assets.xcassets */,
			);
			path = "Preview Content";
			sourceTree = "<group>";
		};
		3CA5865D259FF1E90063963B /* ios */ = {
			isa = PBXGroup;
			children = (
				3CA5865E259FF1E90063963B /* SettingsView.swift */,
				3CA5865F259FF1E90063963B /* MRYIPCCenter.h */,
				3CA58660259FF1E90063963B /* AppDelegate.swift */,
				3CFFB0B32655D6DF002F1AC5 /* entry.swift */,
				3CA58661259FF1E90063963B /* ContentView.swift */,
				3CA58662259FF1E90063963B /* SceneDelegate.swift */,
				3C7963FE25A12670006AFD7C /* Sender.h */,
				3C7963FF25A12670006AFD7C /* Sender.m */,
				3C88306225F2D06C00FACDEB /* SMServerIPC.h */,
			);
			path = ios;
			sourceTree = "<group>";
		};
		3CA58663259FF1E90063963B /* shared */ = {
			isa = PBXGroup;
			children = (
				3CA58664259FF1E90063963B /* Constants.swift */,
				3CA58665259FF1E90063963B /* ChatDelegate.swift */,
				3C79641025A13AF4006AFD7C /* Settings.swift */,
				3CA58666259FF1E90063963B /* IdentityPass.swift */,
				3CA58667259FF1E90063963B /* SMServer-Bridging-Header.h */,
				3CA58669259FF1E90063963B /* ServerDelegate.swift */,
				3CA5866A259FF1E90063963B /* SocketDelegate.swift */,
				3C17D59F25A3AEAA00D27CFE /* PrivateHeaders.h */,
				3C3B303B25F2BE3100EE8B68 /* Image.swift */,
			);
			path = shared;
			sourceTree = "<group>";
		};
		3CA5866C259FF1E90063963B /* mac */ = {
			isa = PBXGroup;
			children = (
				3C79640325A1288D006AFD7C /* Sender.h */,
				3C79640125A12705006AFD7C /* Sender.m */,
				3C79640425A128EC006AFD7C /* main.swift */,
				3C17D59B25A3A80F00D27CFE /* IPCTextWatcher.m */,
				3C17D59D25A3A83E00D27CFE /* IPCTextWatcher.h */,
			);
			path = mac;
			sourceTree = "<group>";
		};
		3CB981B224BAAB3B00724AA4 /* Recovered References */ = {
			isa = PBXGroup;
			children = (
				AE4FA90AF707F557B3432C60 /* Pods_SMServer.framework */,
			);
			name = "Recovered References";
			sourceTree = "<group>";
		};
		9AD8FBCC73D9F16CE0A7770A /* Pods */ = {
			isa = PBXGroup;
			children = (
				695E11A8D6758027462A7F3A /* Pods-SMServer.debug.xcconfig */,
				6702A9494D37C194359FF204 /* Pods-SMServer.release.xcconfig */,
				9BC69885CFAB9A48EC757B84 /* Pods-SMServer_Mac.debug.xcconfig */,
				D79C5EBFD0D8FB94CF28FECF /* Pods-SMServer_Mac.release.xcconfig */,
			);
			path = Pods;
			sourceTree = "<group>";
		};
/* End PBXGroup section */

/* Begin PBXHeadersBuildPhase section */
		3CE8742325F94165009B347C /* Headers */ = {
			isa = PBXHeadersBuildPhase;
			buildActionMask = 2147483647;
			files = (
			);
			runOnlyForDeploymentPostprocessing = 0;
		};
		3CFFB0912655D56A002F1AC5 /* Headers */ = {
			isa = PBXHeadersBuildPhase;
			buildActionMask = 2147483647;
			files = (
			);
			runOnlyForDeploymentPostprocessing = 0;
		};
/* End PBXHeadersBuildPhase section */

/* Begin PBXNativeTarget section */
		3C128FDC259FEE4F0072CFD3 /* SMServer_Mac */ = {
			isa = PBXNativeTarget;
			buildConfigurationList = 3C128FF8259FEE4F0072CFD3 /* Build configuration list for PBXNativeTarget "SMServer_Mac" */;
			buildPhases = (
				3C128FDD259FEE4F0072CFD3 /* [CP] Check Pods Manifest.lock */,
				3C128FDE259FEE4F0072CFD3 /* Sources */,
				3C128FE9259FEE4F0072CFD3 /* Frameworks */,
				3C128FED259FEE4F0072CFD3 /* Resources */,
				3C128FF4259FEE4F0072CFD3 /* Embed Frameworks */,
				3C128FF7259FEE4F0072CFD3 /* [CP] Embed Pods Frameworks */,
			);
			buildRules = (
			);
			dependencies = (
			);
			name = SMServer_Mac;
			productName = SMServer;
			productReference = 3C128FFB259FEE4F0072CFD3 /* SMServer_Mac.app */;
			productType = "com.apple.product-type.application";
		};
		3C760E82245BCFE000EF24FE /* SMServer */ = {
			isa = PBXNativeTarget;
			buildConfigurationList = 3C760EAD245BCFE100EF24FE /* Build configuration list for PBXNativeTarget "SMServer" */;
			buildPhases = (
				84D18E796829DE655E73B8C2 /* [CP] Check Pods Manifest.lock */,
				3CE8742325F94165009B347C /* Headers */,
				3C760E7F245BCFE000EF24FE /* Sources */,
				3C760E80245BCFE000EF24FE /* Frameworks */,
				3C760E81245BCFE000EF24FE /* Resources */,
				3C6713FA24722635002EBBDF /* Embed Frameworks */,
				21530F141832418E3A4B84B4 /* [CP] Embed Pods Frameworks */,
			);
			buildRules = (
			);
			dependencies = (
			);
			name = SMServer;
			productName = SMServer;
			productReference = 3C760E83245BCFE000EF24FE /* SMServer.app */;
			productType = "com.apple.product-type.application";
		};
		3CFFB08F2655D56A002F1AC5 /* SMServer12 */ = {
			isa = PBXNativeTarget;
			buildConfigurationList = 3CFFB0AE2655D56A002F1AC5 /* Build configuration list for PBXNativeTarget "SMServer12" */;
			buildPhases = (
				3CFFB0902655D56A002F1AC5 /* [CP] Check Pods Manifest.lock */,
				3CFFB0912655D56A002F1AC5 /* Headers */,
				3CFFB0922655D56A002F1AC5 /* Sources */,
				3CFFB09F2655D56A002F1AC5 /* Frameworks */,
				3CFFB0A32655D56A002F1AC5 /* Resources */,
				3CFFB0AA2655D56A002F1AC5 /* Embed Frameworks */,
				3CFFB0AD2655D56A002F1AC5 /* [CP] Embed Pods Frameworks */,
			);
			buildRules = (
			);
			dependencies = (
			);
			name = SMServer12;
			productName = SMServer;
			productReference = 3CFFB0B12655D56A002F1AC5 /* SMServer12.app */;
			productType = "com.apple.product-type.application";
		};
/* End PBXNativeTarget section */

/* Begin PBXProject section */
		3C760E7B245BCFE000EF24FE /* Project object */ = {
			isa = PBXProject;
			attributes = {
				BuildIndependentTargetsInParallel = YES;
				LastSwiftUpdateCheck = 1130;
				LastUpgradeCheck = 1230;
				ORGANIZATIONNAME = "Ian Welker";
				TargetAttributes = {
					3C760E82245BCFE000EF24FE = {
						CreatedOnToolsVersion = 11.3.1;
						LastSwiftMigration = 1140;
					};
				};
			};
			buildConfigurationList = 3C760E7E245BCFE000EF24FE /* Build configuration list for PBXProject "SMServer" */;
			compatibilityVersion = "Xcode 9.3";
			developmentRegion = en;
			hasScannedForEncodings = 0;
			knownRegions = (
				en,
				Base,
			);
			mainGroup = 3C760E7A245BCFE000EF24FE;
			productRefGroup = 3C760E84245BCFE000EF24FE /* Products */;
			projectDirPath = "";
			projectRoot = "";
			targets = (
				3C760E82245BCFE000EF24FE /* SMServer */,
				3C128FDC259FEE4F0072CFD3 /* SMServer_Mac */,
				3CFFB08F2655D56A002F1AC5 /* SMServer12 */,
			);
		};
/* End PBXProject section */

/* Begin PBXResourcesBuildPhase section */
		3C128FED259FEE4F0072CFD3 /* Resources */ = {
			isa = PBXResourcesBuildPhase;
			buildActionMask = 2147483647;
			files = (
				3C128FEE259FEE4F0072CFD3 /* html in Resources */,
				3C128FEF259FEE4F0072CFD3 /* identity.pfx in Resources */,
				3C128FF1259FEE4F0072CFD3 /* cert.der in Resources */,
				3C128FF2259FEE4F0072CFD3 /* Preview Assets.xcassets in Resources */,
				3C128FF3259FEE4F0072CFD3 /* Assets.xcassets in Resources */,
			);
			runOnlyForDeploymentPostprocessing = 0;
		};
		3C760E81245BCFE000EF24FE /* Resources */ = {
			isa = PBXResourcesBuildPhase;
			buildActionMask = 2147483647;
			files = (
				3C562A38245FB4A100A4474B /* html in Resources */,
				3C69EB3124E77F7800F48291 /* identity.pfx in Resources */,
				3C760E93245BCFE100EF24FE /* LaunchScreen.storyboard in Resources */,
				3C69EB2F24E77F1D00F48291 /* cert.der in Resources */,
				3C760E90245BCFE100EF24FE /* Preview Assets.xcassets in Resources */,
				3C760E8D245BCFE100EF24FE /* Assets.xcassets in Resources */,
			);
			runOnlyForDeploymentPostprocessing = 0;
		};
		3CFFB0A32655D56A002F1AC5 /* Resources */ = {
			isa = PBXResourcesBuildPhase;
			buildActionMask = 2147483647;
			files = (
				3CFFB0A42655D56A002F1AC5 /* html in Resources */,
				3CFFB0A52655D56A002F1AC5 /* identity.pfx in Resources */,
				3CFFB0A62655D56A002F1AC5 /* LaunchScreen.storyboard in Resources */,
				3CFFB0A72655D56A002F1AC5 /* cert.der in Resources */,
				3CFFB0A82655D56A002F1AC5 /* Preview Assets.xcassets in Resources */,
				3CFFB0A92655D56A002F1AC5 /* Assets.xcassets in Resources */,
			);
			runOnlyForDeploymentPostprocessing = 0;
		};
/* End PBXResourcesBuildPhase section */

/* Begin PBXShellScriptBuildPhase section */
		21530F141832418E3A4B84B4 /* [CP] Embed Pods Frameworks */ = {
			isa = PBXShellScriptBuildPhase;
			buildActionMask = 2147483647;
			files = (
			);
			inputFileListPaths = (
				"${PODS_ROOT}/Target Support Files/Pods-SMServer/Pods-SMServer-frameworks-${CONFIGURATION}-input-files.xcfilelist",
			);
			name = "[CP] Embed Pods Frameworks";
			outputFileListPaths = (
				"${PODS_ROOT}/Target Support Files/Pods-SMServer/Pods-SMServer-frameworks-${CONFIGURATION}-output-files.xcfilelist",
			);
			runOnlyForDeploymentPostprocessing = 0;
			shellPath = /bin/sh;
			shellScript = "\"${PODS_ROOT}/Target Support Files/Pods-SMServer/Pods-SMServer-frameworks.sh\"\n";
			showEnvVarsInLog = 0;
		};
		3C128FDD259FEE4F0072CFD3 /* [CP] Check Pods Manifest.lock */ = {
			isa = PBXShellScriptBuildPhase;
			buildActionMask = 2147483647;
			files = (
			);
			inputFileListPaths = (
			);
			inputPaths = (
				"${PODS_PODFILE_DIR_PATH}/Podfile.lock",
				"${PODS_ROOT}/Manifest.lock",
			);
			name = "[CP] Check Pods Manifest.lock";
			outputFileListPaths = (
			);
			outputPaths = (
				"$(DERIVED_FILE_DIR)/Pods-SMServer_Mac-checkManifestLockResult.txt",
			);
			runOnlyForDeploymentPostprocessing = 0;
			shellPath = /bin/sh;
			shellScript = "diff \"${PODS_PODFILE_DIR_PATH}/Podfile.lock\" \"${PODS_ROOT}/Manifest.lock\" > /dev/null\nif [ $? != 0 ] ; then\n    # print error to STDERR\n    echo \"error: The sandbox is not in sync with the Podfile.lock. Run 'pod install' or update your CocoaPods installation.\" >&2\n    exit 1\nfi\n# This output is used by Xcode 'outputs' to avoid re-running this script phase.\necho \"SUCCESS\" > \"${SCRIPT_OUTPUT_FILE_0}\"\n";
			showEnvVarsInLog = 0;
		};
		3C128FF7259FEE4F0072CFD3 /* [CP] Embed Pods Frameworks */ = {
			isa = PBXShellScriptBuildPhase;
			buildActionMask = 2147483647;
			files = (
			);
			inputFileListPaths = (
				"${PODS_ROOT}/Target Support Files/Pods-SMServer_Mac/Pods-SMServer_Mac-frameworks-${CONFIGURATION}-input-files.xcfilelist",
			);
			name = "[CP] Embed Pods Frameworks";
			outputFileListPaths = (
				"${PODS_ROOT}/Target Support Files/Pods-SMServer_Mac/Pods-SMServer_Mac-frameworks-${CONFIGURATION}-output-files.xcfilelist",
			);
			runOnlyForDeploymentPostprocessing = 0;
			shellPath = /bin/sh;
			shellScript = "\"${PODS_ROOT}/Target Support Files/Pods-SMServer_Mac/Pods-SMServer_Mac-frameworks.sh\"\n";
			showEnvVarsInLog = 0;
		};
		3CFFB0902655D56A002F1AC5 /* [CP] Check Pods Manifest.lock */ = {
			isa = PBXShellScriptBuildPhase;
			buildActionMask = 2147483647;
			files = (
			);
			inputFileListPaths = (
			);
			inputPaths = (
				"${PODS_PODFILE_DIR_PATH}/Podfile.lock",
				"${PODS_ROOT}/Manifest.lock",
			);
			name = "[CP] Check Pods Manifest.lock";
			outputFileListPaths = (
			);
			outputPaths = (
				"$(DERIVED_FILE_DIR)/Pods-SMServer-checkManifestLockResult.txt",
			);
			runOnlyForDeploymentPostprocessing = 0;
			shellPath = /bin/sh;
			shellScript = "diff \"${PODS_PODFILE_DIR_PATH}/Podfile.lock\" \"${PODS_ROOT}/Manifest.lock\" > /dev/null\nif [ $? != 0 ] ; then\n    # print error to STDERR\n    echo \"error: The sandbox is not in sync with the Podfile.lock. Run 'pod install' or update your CocoaPods installation.\" >&2\n    exit 1\nfi\n# This output is used by Xcode 'outputs' to avoid re-running this script phase.\necho \"SUCCESS\" > \"${SCRIPT_OUTPUT_FILE_0}\"\n";
			showEnvVarsInLog = 0;
		};
		3CFFB0AD2655D56A002F1AC5 /* [CP] Embed Pods Frameworks */ = {
			isa = PBXShellScriptBuildPhase;
			buildActionMask = 2147483647;
			files = (
			);
			inputFileListPaths = (
				"${PODS_ROOT}/Target Support Files/Pods-SMServer/Pods-SMServer-frameworks-${CONFIGURATION}-input-files.xcfilelist",
			);
			name = "[CP] Embed Pods Frameworks";
			outputFileListPaths = (
				"${PODS_ROOT}/Target Support Files/Pods-SMServer/Pods-SMServer-frameworks-${CONFIGURATION}-output-files.xcfilelist",
			);
			runOnlyForDeploymentPostprocessing = 0;
			shellPath = /bin/sh;
			shellScript = "\"${PODS_ROOT}/Target Support Files/Pods-SMServer/Pods-SMServer-frameworks.sh\"\n";
			showEnvVarsInLog = 0;
		};
		84D18E796829DE655E73B8C2 /* [CP] Check Pods Manifest.lock */ = {
			isa = PBXShellScriptBuildPhase;
			buildActionMask = 2147483647;
			files = (
			);
			inputFileListPaths = (
			);
			inputPaths = (
				"${PODS_PODFILE_DIR_PATH}/Podfile.lock",
				"${PODS_ROOT}/Manifest.lock",
			);
			name = "[CP] Check Pods Manifest.lock";
			outputFileListPaths = (
			);
			outputPaths = (
				"$(DERIVED_FILE_DIR)/Pods-SMServer-checkManifestLockResult.txt",
			);
			runOnlyForDeploymentPostprocessing = 0;
			shellPath = /bin/sh;
			shellScript = "diff \"${PODS_PODFILE_DIR_PATH}/Podfile.lock\" \"${PODS_ROOT}/Manifest.lock\" > /dev/null\nif [ $? != 0 ] ; then\n    # print error to STDERR\n    echo \"error: The sandbox is not in sync with the Podfile.lock. Run 'pod install' or update your CocoaPods installation.\" >&2\n    exit 1\nfi\n# This output is used by Xcode 'outputs' to avoid re-running this script phase.\necho \"SUCCESS\" > \"${SCRIPT_OUTPUT_FILE_0}\"\n";
			showEnvVarsInLog = 0;
		};
/* End PBXShellScriptBuildPhase section */

/* Begin PBXSourcesBuildPhase section */
		3C128FDE259FEE4F0072CFD3 /* Sources */ = {
			isa = PBXSourcesBuildPhase;
			buildActionMask = 2147483647;
			files = (
				3CA5867B259FF2110063963B /* Constants.swift in Sources */,
				3C3B303D25F2BE3100EE8B68 /* Image.swift in Sources */,
				3C79640525A128EC006AFD7C /* main.swift in Sources */,
				3C79641225A13AF4006AFD7C /* Settings.swift in Sources */,
				3CA5867C259FF2110063963B /* ChatDelegate.swift in Sources */,
				3CA5867D259FF2110063963B /* IdentityPass.swift in Sources */,
				3CA5867E259FF2110063963B /* ServerDelegate.swift in Sources */,
				3C79640225A12705006AFD7C /* Sender.m in Sources */,
				3CA5867F259FF2110063963B /* SocketDelegate.swift in Sources */,
			);
			runOnlyForDeploymentPostprocessing = 0;
		};
		3C760E7F245BCFE000EF24FE /* Sources */ = {
			isa = PBXSourcesBuildPhase;
			buildActionMask = 2147483647;
			files = (
				3C524F2625B13A72009CA5DC /* Sender.m in Sources */,
				3CFFB0B42655D6DF002F1AC5 /* entry.swift in Sources */,
				3C3B303C25F2BE3100EE8B68 /* Image.swift in Sources */,
				3C002B6325A06FA3004C4E3D /* SettingsView.swift in Sources */,
				3C002B6525A06FA3004C4E3D /* AppDelegate.swift in Sources */,
				3C002B6625A06FA3004C4E3D /* ContentView.swift in Sources */,
				3C002B6725A06FA3004C4E3D /* SceneDelegate.swift in Sources */,
				3C79641125A13AF4006AFD7C /* Settings.swift in Sources */,
				3CA58672259FF1EA0063963B /* ChatDelegate.swift in Sources */,
				3CA58674259FF1EA0063963B /* ServerDelegate.swift in Sources */,
				3CA58675259FF1EA0063963B /* SocketDelegate.swift in Sources */,
				3CA58671259FF1EA0063963B /* Constants.swift in Sources */,
				3CA58673259FF1EA0063963B /* IdentityPass.swift in Sources */,
			);
			runOnlyForDeploymentPostprocessing = 0;
		};
		3CFFB0922655D56A002F1AC5 /* Sources */ = {
			isa = PBXSourcesBuildPhase;
			buildActionMask = 2147483647;
			files = (
				3CFFB0B52655D726002F1AC5 /* entry.swift in Sources */,
				3CFFB0932655D56A002F1AC5 /* Sender.m in Sources */,
				3CFFB0942655D56A002F1AC5 /* Image.swift in Sources */,
				3CFFB0992655D56A002F1AC5 /* Settings.swift in Sources */,
				3CFFB09A2655D56A002F1AC5 /* ChatDelegate.swift in Sources */,
				3CFFB09B2655D56A002F1AC5 /* ServerDelegate.swift in Sources */,
				3CFFB09C2655D56A002F1AC5 /* SocketDelegate.swift in Sources */,
				3CFFB09D2655D56A002F1AC5 /* Constants.swift in Sources */,
				3CFFB09E2655D56A002F1AC5 /* IdentityPass.swift in Sources */,
			);
			runOnlyForDeploymentPostprocessing = 0;
		};
/* End PBXSourcesBuildPhase section */

/* Begin PBXVariantGroup section */
		3C760E91245BCFE100EF24FE /* LaunchScreen.storyboard */ = {
			isa = PBXVariantGroup;
			children = (
				3C760E92245BCFE100EF24FE /* Base */,
			);
			name = LaunchScreen.storyboard;
			sourceTree = "<group>";
		};
/* End PBXVariantGroup section */

/* Begin XCBuildConfiguration section */
		3C128FF9259FEE4F0072CFD3 /* Debug */ = {
			isa = XCBuildConfiguration;
			baseConfigurationReference = 9BC69885CFAB9A48EC757B84 /* Pods-SMServer_Mac.debug.xcconfig */;
			buildSettings = {
				ASSETCATALOG_COMPILER_APPICON_NAME = AppIcon;
				ASSETCATALOG_COMPILER_OPTIMIZATION = "";
				CLANG_ENABLE_MODULES = YES;
				CODE_SIGN_ENTITLEMENTS = SMServer/SMServer.entitlements;
				CODE_SIGN_IDENTITY = "Apple Development";
				CODE_SIGN_INJECT_BASE_ENTITLEMENTS = YES;
				CODE_SIGN_STYLE = Automatic;
				DEBUG_INFORMATION_FORMAT = "dwarf-with-dsym";
				DEVELOPMENT_ASSET_PATHS = "\"SMServer/Preview Content\"";
				DEVELOPMENT_TEAM = X543N5D24H;
				DYLIB_INSTALL_NAME_BASE = "";
				ENABLE_HARDENED_RUNTIME = YES;
				"ENABLE_HARDENED_RUNTIME[sdk=macosx*]" = YES;
				ENABLE_PREVIEWS = YES;
				FRAMEWORK_SEARCH_PATHS = (
					"$(inherited)",
					"\"${PODS_CONFIGURATION_BUILD_DIR}/CocoaAsyncSocket\"",
					"\"${PODS_CONFIGURATION_BUILD_DIR}/Criollo\"",
					"\"${PODS_CONFIGURATION_BUILD_DIR}/HTTPParserC\"",
					"\"${PODS_CONFIGURATION_BUILD_DIR}/Telegraph\"",
					"\"${PODS_ROOT}/Criollo/Libraries/OpenSSL\"",
				);
				GCC_OPTIMIZATION_LEVEL = 0;
				GCC_WARN_UNUSED_VARIABLE = NO;
				GENERATE_PROFILING_CODE = YES;
				HEADER_SEARCH_PATHS = (
					"$(inherited)",
					"\"${PODS_CONFIGURATION_BUILD_DIR}/CocoaAsyncSocket/CocoaAsyncSocket.framework/Headers\"",
					"\"${PODS_CONFIGURATION_BUILD_DIR}/Criollo/Criollo.framework/Headers\"",
					"\"${PODS_CONFIGURATION_BUILD_DIR}/HTTPParserC/HTTPParserC.framework/Headers\"",
					"\"${PODS_CONFIGURATION_BUILD_DIR}/Telegraph/Telegraph.framework/Headers\"",
				);
				INFOPLIST_FILE = SMServer/Info.plist;
				IPHONEOS_DEPLOYMENT_TARGET = 13.0;
				LD_RUNPATH_SEARCH_PATHS = (
					"$(inherited)",
					"@executable_path/Frameworks",
					"@executable_path/../Frameworks",
				);
				LIBRARY_SEARCH_PATHS = (
					"$(inherited)",
					"$(PROJECT_DIR)/SMServer",
				);
				LINKER_DISPLAYS_MANGLED_NAMES = YES;
				MACOSX_DEPLOYMENT_TARGET = 10.13;
				MARKETING_VERSION = 0.7.0;
				ONLY_ACTIVE_ARCH = YES;
				OTHER_LDFLAGS = (
					"$(inherited)",
					"-l\"z\"",
					"-framework",
					"\"CFNetwork\"",
					"-ObjC",
				);
				PRODUCT_BUNDLE_IDENTIFIER = com.ianwelker.smserver;
				PRODUCT_NAME = "$(TARGET_NAME)";
				PROVISIONING_PROFILE_SPECIFIER = "";
				SDKROOT = macosx;
				STRIP_INSTALLED_PRODUCT = NO;
				STRIP_STYLE = all;
				STRIP_SWIFT_SYMBOLS = NO;
				SUPPORTS_MACCATALYST = YES;
				SUPPORTS_MAC_DESIGNED_FOR_IPHONE_IPAD = NO;
				SWIFT_OBJC_BRIDGING_HEADER = "SMServer/shared/SMServer-Bridging-Header.h";
				SWIFT_OPTIMIZATION_LEVEL = "-Onone";
				SWIFT_VERSION = 5.0;
				TARGETED_DEVICE_FAMILY = 2;
			};
			name = Debug;
		};
		3C128FFA259FEE4F0072CFD3 /* Release */ = {
			isa = XCBuildConfiguration;
			baseConfigurationReference = D79C5EBFD0D8FB94CF28FECF /* Pods-SMServer_Mac.release.xcconfig */;
			buildSettings = {
				ASSETCATALOG_COMPILER_APPICON_NAME = AppIcon;
				ASSETCATALOG_COMPILER_OPTIMIZATION = time;
				CLANG_ENABLE_MODULES = YES;
				CODE_SIGN_ENTITLEMENTS = SMServer/SMServer.entitlements;
				CODE_SIGN_IDENTITY = "Apple Development";
				CODE_SIGN_INJECT_BASE_ENTITLEMENTS = YES;
				CODE_SIGN_STYLE = Automatic;
				DEVELOPMENT_ASSET_PATHS = "\"SMServer/Preview Content\"";
				DEVELOPMENT_TEAM = X543N5D24H;
				DYLIB_INSTALL_NAME_BASE = "";
				ENABLE_HARDENED_RUNTIME = YES;
				"ENABLE_HARDENED_RUNTIME[sdk=macosx*]" = YES;
				ENABLE_PREVIEWS = YES;
				FRAMEWORK_SEARCH_PATHS = (
					"$(inherited)",
					"\"${PODS_CONFIGURATION_BUILD_DIR}/CocoaAsyncSocket\"",
					"\"${PODS_CONFIGURATION_BUILD_DIR}/Criollo\"",
					"\"${PODS_CONFIGURATION_BUILD_DIR}/HTTPParserC\"",
					"\"${PODS_CONFIGURATION_BUILD_DIR}/Telegraph\"",
					"\"${PODS_ROOT}/Criollo/Libraries/OpenSSL\"",
				);
				GCC_OPTIMIZATION_LEVEL = s;
				GCC_WARN_UNUSED_VARIABLE = NO;
				GENERATE_PROFILING_CODE = YES;
				HEADER_SEARCH_PATHS = (
					"$(inherited)",
					"\"${PODS_CONFIGURATION_BUILD_DIR}/CocoaAsyncSocket/CocoaAsyncSocket.framework/Headers\"",
					"\"${PODS_CONFIGURATION_BUILD_DIR}/Criollo/Criollo.framework/Headers\"",
					"\"${PODS_CONFIGURATION_BUILD_DIR}/HTTPParserC/HTTPParserC.framework/Headers\"",
					"\"${PODS_CONFIGURATION_BUILD_DIR}/Telegraph/Telegraph.framework/Headers\"",
				);
				INFOPLIST_FILE = SMServer/Info.plist;
				IPHONEOS_DEPLOYMENT_TARGET = 13.0;
				LD_RUNPATH_SEARCH_PATHS = (
					"$(inherited)",
					"@executable_path/Frameworks",
					"@executable_path/../Frameworks",
				);
				LIBRARY_SEARCH_PATHS = (
					"$(inherited)",
					"$(PROJECT_DIR)/SMServer",
				);
				LINKER_DISPLAYS_MANGLED_NAMES = YES;
				MACOSX_DEPLOYMENT_TARGET = 10.13;
				MARKETING_VERSION = 0.7.0;
				ONLY_ACTIVE_ARCH = YES;
				OTHER_LDFLAGS = (
					"$(inherited)",
					"-l\"z\"",
					"-framework",
					"\"CFNetwork\"",
					"-ObjC",
				);
				PRODUCT_BUNDLE_IDENTIFIER = com.ianwelker.smserver;
				PRODUCT_NAME = "$(TARGET_NAME)";
				PROVISIONING_PROFILE_SPECIFIER = "";
				SDKROOT = macosx;
				STRIP_INSTALLED_PRODUCT = NO;
				STRIP_STYLE = all;
				STRIP_SWIFT_SYMBOLS = NO;
				SUPPORTS_MACCATALYST = YES;
				SUPPORTS_MAC_DESIGNED_FOR_IPHONE_IPAD = NO;
				SWIFT_OBJC_BRIDGING_HEADER = "SMServer/shared/SMServer-Bridging-Header.h";
				SWIFT_OPTIMIZATION_LEVEL = "-O";
				SWIFT_VERSION = 5.0;
				TARGETED_DEVICE_FAMILY = 2;
			};
			name = Release;
		};
		3C760EAB245BCFE100EF24FE /* Debug */ = {
			isa = XCBuildConfiguration;
			buildSettings = {
				ALWAYS_SEARCH_USER_PATHS = NO;
				CLANG_ANALYZER_NONNULL = YES;
				CLANG_ANALYZER_NUMBER_OBJECT_CONVERSION = YES_AGGRESSIVE;
				CLANG_CXX_LANGUAGE_STANDARD = "gnu++14";
				CLANG_CXX_LIBRARY = "libc++";
				CLANG_ENABLE_MODULES = YES;
				CLANG_ENABLE_OBJC_ARC = YES;
				CLANG_ENABLE_OBJC_WEAK = YES;
				CLANG_WARN_BLOCK_CAPTURE_AUTORELEASING = YES;
				CLANG_WARN_BOOL_CONVERSION = YES;
				CLANG_WARN_COMMA = YES;
				CLANG_WARN_CONSTANT_CONVERSION = YES;
				CLANG_WARN_DEPRECATED_OBJC_IMPLEMENTATIONS = YES;
				CLANG_WARN_DIRECT_OBJC_ISA_USAGE = YES_ERROR;
				CLANG_WARN_DOCUMENTATION_COMMENTS = YES;
				CLANG_WARN_EMPTY_BODY = YES;
				CLANG_WARN_ENUM_CONVERSION = YES;
				CLANG_WARN_INFINITE_RECURSION = YES;
				CLANG_WARN_INT_CONVERSION = YES;
				CLANG_WARN_NON_LITERAL_NULL_CONVERSION = YES;
				CLANG_WARN_OBJC_IMPLICIT_RETAIN_SELF = YES;
				CLANG_WARN_OBJC_LITERAL_CONVERSION = YES;
				CLANG_WARN_OBJC_ROOT_CLASS = YES_ERROR;
				CLANG_WARN_QUOTED_INCLUDE_IN_FRAMEWORK_HEADER = YES;
				CLANG_WARN_RANGE_LOOP_ANALYSIS = YES;
				CLANG_WARN_STRICT_PROTOTYPES = YES;
				CLANG_WARN_SUSPICIOUS_MOVE = YES;
				CLANG_WARN_UNGUARDED_AVAILABILITY = YES_AGGRESSIVE;
				CLANG_WARN_UNREACHABLE_CODE = YES;
				CLANG_WARN__DUPLICATE_METHOD_MATCH = YES;
				COPY_PHASE_STRIP = NO;
				DEBUG_INFORMATION_FORMAT = dwarf;
				ENABLE_STRICT_OBJC_MSGSEND = YES;
				ENABLE_TESTABILITY = YES;
				GCC_C_LANGUAGE_STANDARD = gnu11;
				GCC_DYNAMIC_NO_PIC = NO;
				GCC_NO_COMMON_BLOCKS = YES;
				GCC_OPTIMIZATION_LEVEL = 0;
				GCC_PREPROCESSOR_DEFINITIONS = (
					"DEBUG=1",
					"$(inherited)",
				);
				GCC_WARN_64_TO_32_BIT_CONVERSION = YES;
				GCC_WARN_ABOUT_RETURN_TYPE = YES_ERROR;
				GCC_WARN_UNDECLARED_SELECTOR = YES;
				GCC_WARN_UNINITIALIZED_AUTOS = YES_AGGRESSIVE;
				GCC_WARN_UNUSED_FUNCTION = YES;
				GCC_WARN_UNUSED_VARIABLE = YES;
				IPHONEOS_DEPLOYMENT_TARGET = 13.0;
				MACOSX_DEPLOYMENT_TARGET = 10.13;
				MTL_ENABLE_DEBUG_INFO = INCLUDE_SOURCE;
				MTL_FAST_MATH = YES;
				ONLY_ACTIVE_ARCH = YES;
				SDKROOT = iphoneos;
				SWIFT_ACTIVE_COMPILATION_CONDITIONS = DEBUG;
				SWIFT_OPTIMIZATION_LEVEL = "-Onone";
			};
			name = Debug;
		};
		3C760EAC245BCFE100EF24FE /* Release */ = {
			isa = XCBuildConfiguration;
			buildSettings = {
				ALWAYS_SEARCH_USER_PATHS = NO;
				CLANG_ANALYZER_NONNULL = YES;
				CLANG_ANALYZER_NUMBER_OBJECT_CONVERSION = YES_AGGRESSIVE;
				CLANG_CXX_LANGUAGE_STANDARD = "gnu++14";
				CLANG_CXX_LIBRARY = "libc++";
				CLANG_ENABLE_MODULES = YES;
				CLANG_ENABLE_OBJC_ARC = YES;
				CLANG_ENABLE_OBJC_WEAK = YES;
				CLANG_WARN_BLOCK_CAPTURE_AUTORELEASING = YES;
				CLANG_WARN_BOOL_CONVERSION = YES;
				CLANG_WARN_COMMA = YES;
				CLANG_WARN_CONSTANT_CONVERSION = YES;
				CLANG_WARN_DEPRECATED_OBJC_IMPLEMENTATIONS = YES;
				CLANG_WARN_DIRECT_OBJC_ISA_USAGE = YES_ERROR;
				CLANG_WARN_DOCUMENTATION_COMMENTS = YES;
				CLANG_WARN_EMPTY_BODY = YES;
				CLANG_WARN_ENUM_CONVERSION = YES;
				CLANG_WARN_INFINITE_RECURSION = YES;
				CLANG_WARN_INT_CONVERSION = YES;
				CLANG_WARN_NON_LITERAL_NULL_CONVERSION = YES;
				CLANG_WARN_OBJC_IMPLICIT_RETAIN_SELF = YES;
				CLANG_WARN_OBJC_LITERAL_CONVERSION = YES;
				CLANG_WARN_OBJC_ROOT_CLASS = YES_ERROR;
				CLANG_WARN_QUOTED_INCLUDE_IN_FRAMEWORK_HEADER = YES;
				CLANG_WARN_RANGE_LOOP_ANALYSIS = YES;
				CLANG_WARN_STRICT_PROTOTYPES = YES;
				CLANG_WARN_SUSPICIOUS_MOVE = YES;
				CLANG_WARN_UNGUARDED_AVAILABILITY = YES_AGGRESSIVE;
				CLANG_WARN_UNREACHABLE_CODE = YES;
				CLANG_WARN__DUPLICATE_METHOD_MATCH = YES;
				COPY_PHASE_STRIP = NO;
				DEBUG_INFORMATION_FORMAT = "dwarf-with-dsym";
				ENABLE_NS_ASSERTIONS = NO;
				ENABLE_STRICT_OBJC_MSGSEND = YES;
				GCC_C_LANGUAGE_STANDARD = gnu11;
				GCC_NO_COMMON_BLOCKS = YES;
				GCC_WARN_64_TO_32_BIT_CONVERSION = YES;
				GCC_WARN_ABOUT_RETURN_TYPE = YES_ERROR;
				GCC_WARN_UNDECLARED_SELECTOR = YES;
				GCC_WARN_UNINITIALIZED_AUTOS = YES_AGGRESSIVE;
				GCC_WARN_UNUSED_FUNCTION = YES;
				GCC_WARN_UNUSED_VARIABLE = YES;
				IPHONEOS_DEPLOYMENT_TARGET = 13.0;
				MACOSX_DEPLOYMENT_TARGET = 10.13;
				MTL_ENABLE_DEBUG_INFO = NO;
				MTL_FAST_MATH = YES;
				SDKROOT = iphoneos;
				SWIFT_COMPILATION_MODE = wholemodule;
				SWIFT_OPTIMIZATION_LEVEL = "-O";
				VALIDATE_PRODUCT = YES;
			};
			name = Release;
		};
		3C760EAE245BCFE100EF24FE /* Debug */ = {
			isa = XCBuildConfiguration;
			baseConfigurationReference = 695E11A8D6758027462A7F3A /* Pods-SMServer.debug.xcconfig */;
			buildSettings = {
				ASSETCATALOG_COMPILER_APPICON_NAME = AppIcon;
				ASSETCATALOG_COMPILER_OPTIMIZATION = "";
				CLANG_ENABLE_MODULES = YES;
				CODE_SIGN_ENTITLEMENTS = SMServer/SMServer.entitlements;
				CODE_SIGN_IDENTITY = "Apple Development";
				CODE_SIGN_INJECT_BASE_ENTITLEMENTS = YES;
				CODE_SIGN_STYLE = Automatic;
				DEBUG_INFORMATION_FORMAT = dwarf;
				DEFINES_MODULE = YES;
				DEVELOPMENT_ASSET_PATHS = "\"SMServer/Preview Content\"";
				DEVELOPMENT_TEAM = X543N5D24H;
				DYLIB_INSTALL_NAME_BASE = "";
				ENABLE_PREVIEWS = YES;
				ENABLE_TESTABILITY = YES;
				FRAMEWORK_SEARCH_PATHS = (
					"$(inherited)",
					"\"${PODS_CONFIGURATION_BUILD_DIR}/CocoaAsyncSocket\"",
					"\"${PODS_CONFIGURATION_BUILD_DIR}/Criollo\"",
					"\"${PODS_CONFIGURATION_BUILD_DIR}/HTTPParserC\"",
					"\"${PODS_CONFIGURATION_BUILD_DIR}/Telegraph\"",
					"\"${PODS_ROOT}/Criollo/Libraries/OpenSSL\"",
				);
				GCC_OPTIMIZATION_LEVEL = 0;
				GCC_WARN_UNUSED_VARIABLE = NO;
				GENERATE_PROFILING_CODE = NO;
				HEADER_SEARCH_PATHS = (
					"$(inherited)",
					"\"${PODS_CONFIGURATION_BUILD_DIR}/CocoaAsyncSocket/CocoaAsyncSocket.framework/Headers\"",
					"\"${PODS_CONFIGURATION_BUILD_DIR}/Criollo/Criollo.framework/Headers\"",
					"\"${PODS_CONFIGURATION_BUILD_DIR}/HTTPParserC/HTTPParserC.framework/Headers\"",
					"\"${PODS_CONFIGURATION_BUILD_DIR}/Telegraph/Telegraph.framework/Headers\"",
				);
				INFOPLIST_FILE = SMServer/Info.plist;
				IPHONEOS_DEPLOYMENT_TARGET = 13.0;
				LD_RUNPATH_SEARCH_PATHS = (
					"$(inherited)",
					"@executable_path/Frameworks",
				);
				LIBRARY_SEARCH_PATHS = (
					"$(inherited)",
					"$(PROJECT_DIR)/SMServer",
				);
				LINKER_DISPLAYS_MANGLED_NAMES = NO;
				MARKETING_VERSION = 0.7.4;
				ONLY_ACTIVE_ARCH = NO;
				OTHER_LDFLAGS = (
					"$(inherited)",
					"-l\"z\"",
					"-framework",
					"\"CFNetwork\"",
					"-framework",
					"\"MobileCoreServices\"",
					"-ObjC",
					"$(inherited)",
				);
				PRODUCT_BUNDLE_IDENTIFIER = com.ianwelker.smserver;
				PRODUCT_NAME = "$(TARGET_NAME)";
				PROVISIONING_PROFILE_SPECIFIER = "";
				STRIP_INSTALLED_PRODUCT = YES;
				STRIP_STYLE = all;
				STRIP_SWIFT_SYMBOLS = YES;
				SWIFT_OBJC_BRIDGING_HEADER = "SMServer/shared/SMServer-Bridging-Header.h";
				SWIFT_OPTIMIZATION_LEVEL = "-Onone";
				SWIFT_VERSION = 5.0;
				SYSTEM_FRAMEWORK_SEARCH_PATHS = "\"$(PROJECT_DIR)/SMServer\"";
				TARGETED_DEVICE_FAMILY = "1,2";
			};
			name = Debug;
		};
		3C760EAF245BCFE100EF24FE /* Release */ = {
			isa = XCBuildConfiguration;
			baseConfigurationReference = 6702A9494D37C194359FF204 /* Pods-SMServer.release.xcconfig */;
			buildSettings = {
				ASSETCATALOG_COMPILER_APPICON_NAME = AppIcon;
				ASSETCATALOG_COMPILER_OPTIMIZATION = time;
				CLANG_ENABLE_MODULES = YES;
				CODE_SIGN_ENTITLEMENTS = SMServer/SMServer.entitlements;
				CODE_SIGN_IDENTITY = "Apple Development";
				CODE_SIGN_INJECT_BASE_ENTITLEMENTS = YES;
				CODE_SIGN_STYLE = Automatic;
				DEFINES_MODULE = YES;
				DEVELOPMENT_ASSET_PATHS = "\"SMServer/Preview Content\"";
				DEVELOPMENT_TEAM = X543N5D24H;
				DYLIB_INSTALL_NAME_BASE = "";
				ENABLE_PREVIEWS = YES;
				FRAMEWORK_SEARCH_PATHS = (
					"$(inherited)",
					"\"${PODS_CONFIGURATION_BUILD_DIR}/CocoaAsyncSocket\"",
					"\"${PODS_CONFIGURATION_BUILD_DIR}/Criollo\"",
					"\"${PODS_CONFIGURATION_BUILD_DIR}/HTTPParserC\"",
					"\"${PODS_CONFIGURATION_BUILD_DIR}/Telegraph\"",
					"\"${PODS_ROOT}/Criollo/Libraries/OpenSSL\"",
				);
				GCC_OPTIMIZATION_LEVEL = fast;
				GCC_WARN_UNUSED_VARIABLE = NO;
				GENERATE_PROFILING_CODE = NO;
				HEADER_SEARCH_PATHS = (
					"$(inherited)",
					"\"${PODS_CONFIGURATION_BUILD_DIR}/CocoaAsyncSocket/CocoaAsyncSocket.framework/Headers\"",
					"\"${PODS_CONFIGURATION_BUILD_DIR}/Criollo/Criollo.framework/Headers\"",
					"\"${PODS_CONFIGURATION_BUILD_DIR}/HTTPParserC/HTTPParserC.framework/Headers\"",
					"\"${PODS_CONFIGURATION_BUILD_DIR}/Telegraph/Telegraph.framework/Headers\"",
				);
				INFOPLIST_FILE = SMServer/Info.plist;
				IPHONEOS_DEPLOYMENT_TARGET = 13.0;
				LD_RUNPATH_SEARCH_PATHS = (
					"$(inherited)",
					"@executable_path/Frameworks",
				);
				LIBRARY_SEARCH_PATHS = (
					"$(inherited)",
					"$(PROJECT_DIR)/SMServer",
				);
				LINKER_DISPLAYS_MANGLED_NAMES = NO;
				MARKETING_VERSION = 0.7.4;
				OTHER_LDFLAGS = (
					"$(inherited)",
					"-l\"z\"",
					"-framework",
					"\"CFNetwork\"",
					"-framework",
					"\"MobileCoreServices\"",
					"-ObjC",
					"$(inherited)",
				);
				PRODUCT_BUNDLE_IDENTIFIER = com.ianwelker.smserver;
				PRODUCT_NAME = "$(TARGET_NAME)";
				PROVISIONING_PROFILE_SPECIFIER = "";
				STRIP_INSTALLED_PRODUCT = YES;
				STRIP_STYLE = all;
				STRIP_SWIFT_SYMBOLS = YES;
				SWIFT_OBJC_BRIDGING_HEADER = "SMServer/shared/SMServer-Bridging-Header.h";
				SWIFT_OPTIMIZATION_LEVEL = "-O";
				SWIFT_VERSION = 5.0;
				SYSTEM_FRAMEWORK_SEARCH_PATHS = "\"$(PROJECT_DIR)/SMServer\"";
				TARGETED_DEVICE_FAMILY = "1,2";
			};
			name = Release;
		};
		3CFFB0AF2655D56A002F1AC5 /* Debug */ = {
			isa = XCBuildConfiguration;
			baseConfigurationReference = 695E11A8D6758027462A7F3A /* Pods-SMServer.debug.xcconfig */;
			buildSettings = {
				ASSETCATALOG_COMPILER_APPICON_NAME = AppIcon;
				ASSETCATALOG_COMPILER_OPTIMIZATION = "";
				CLANG_ENABLE_MODULES = YES;
				CODE_SIGN_ENTITLEMENTS = SMServer/SMServer.entitlements;
				CODE_SIGN_IDENTITY = "Apple Development";
				CODE_SIGN_INJECT_BASE_ENTITLEMENTS = YES;
				CODE_SIGN_STYLE = Automatic;
				DEBUG_INFORMATION_FORMAT = dwarf;
				DEFINES_MODULE = YES;
				DEVELOPMENT_ASSET_PATHS = "\"SMServer/Preview Content\"";
				DEVELOPMENT_TEAM = X543N5D24H;
				DYLIB_INSTALL_NAME_BASE = "";
				ENABLE_PREVIEWS = YES;
				ENABLE_TESTABILITY = YES;
				FRAMEWORK_SEARCH_PATHS = (
					"$(inherited)",
					"\"${PODS_CONFIGURATION_BUILD_DIR}/CocoaAsyncSocket\"",
					"\"${PODS_CONFIGURATION_BUILD_DIR}/Criollo\"",
					"\"${PODS_CONFIGURATION_BUILD_DIR}/HTTPParserC\"",
					"\"${PODS_CONFIGURATION_BUILD_DIR}/Telegraph\"",
					"\"${PODS_ROOT}/Criollo/Libraries/OpenSSL\"",
				);
				GCC_OPTIMIZATION_LEVEL = 0;
				GCC_WARN_UNUSED_VARIABLE = NO;
				GENERATE_PROFILING_CODE = NO;
				HEADER_SEARCH_PATHS = (
					"$(inherited)",
					"\"${PODS_CONFIGURATION_BUILD_DIR}/CocoaAsyncSocket/CocoaAsyncSocket.framework/Headers\"",
					"\"${PODS_CONFIGURATION_BUILD_DIR}/Criollo/Criollo.framework/Headers\"",
					"\"${PODS_CONFIGURATION_BUILD_DIR}/HTTPParserC/HTTPParserC.framework/Headers\"",
					"\"${PODS_CONFIGURATION_BUILD_DIR}/Telegraph/Telegraph.framework/Headers\"",
				);
				INFOPLIST_FILE = "SMServer copy-Info.plist";
				IPHONEOS_DEPLOYMENT_TARGET = 12.1;
				LD_RUNPATH_SEARCH_PATHS = (
					"$(inherited)",
					"@executable_path/Frameworks",
				);
				LIBRARY_SEARCH_PATHS = (
					"$(inherited)",
					"$(PROJECT_DIR)/SMServer",
				);
				LINKER_DISPLAYS_MANGLED_NAMES = NO;
				MARKETING_VERSION = 0.7.4;
				ONLY_ACTIVE_ARCH = NO;
				OTHER_LDFLAGS = (
					"$(inherited)",
					"-l\"z\"",
					"-framework",
					"\"CFNetwork\"",
					"-framework",
					"\"MobileCoreServices\"",
					"-ObjC",
					"$(inherited)",
				);
				PRODUCT_BUNDLE_IDENTIFIER = com.ianwelker.smserver;
				PRODUCT_NAME = "$(TARGET_NAME)";
				PROVISIONING_PROFILE_SPECIFIER = "";
				STRIP_INSTALLED_PRODUCT = YES;
				STRIP_STYLE = all;
				STRIP_SWIFT_SYMBOLS = YES;
				SWIFT_OBJC_BRIDGING_HEADER = "SMServer/shared/SMServer-Bridging-Header.h";
				SWIFT_OPTIMIZATION_LEVEL = "-Onone";
				SWIFT_VERSION = 5.0;
				SYSTEM_FRAMEWORK_SEARCH_PATHS = "\"$(PROJECT_DIR)/SMServer\"";
				TARGETED_DEVICE_FAMILY = "1,2";
			};
			name = Debug;
		};
		3CFFB0B02655D56A002F1AC5 /* Release */ = {
			isa = XCBuildConfiguration;
			baseConfigurationReference = 6702A9494D37C194359FF204 /* Pods-SMServer.release.xcconfig */;
			buildSettings = {
				ASSETCATALOG_COMPILER_APPICON_NAME = AppIcon;
				ASSETCATALOG_COMPILER_OPTIMIZATION = time;
				CLANG_ENABLE_MODULES = YES;
				CODE_SIGN_ENTITLEMENTS = SMServer/SMServer.entitlements;
				CODE_SIGN_IDENTITY = "Apple Development";
				CODE_SIGN_INJECT_BASE_ENTITLEMENTS = YES;
				CODE_SIGN_STYLE = Automatic;
				DEFINES_MODULE = YES;
				DEVELOPMENT_ASSET_PATHS = "\"SMServer/Preview Content\"";
				DEVELOPMENT_TEAM = X543N5D24H;
				DYLIB_INSTALL_NAME_BASE = "";
				ENABLE_PREVIEWS = YES;
				FRAMEWORK_SEARCH_PATHS = (
					"$(inherited)",
					"\"${PODS_CONFIGURATION_BUILD_DIR}/CocoaAsyncSocket\"",
					"\"${PODS_CONFIGURATION_BUILD_DIR}/Criollo\"",
					"\"${PODS_CONFIGURATION_BUILD_DIR}/HTTPParserC\"",
					"\"${PODS_CONFIGURATION_BUILD_DIR}/Telegraph\"",
					"\"${PODS_ROOT}/Criollo/Libraries/OpenSSL\"",
				);
				GCC_OPTIMIZATION_LEVEL = fast;
				GCC_WARN_UNUSED_VARIABLE = NO;
				GENERATE_PROFILING_CODE = NO;
				HEADER_SEARCH_PATHS = (
					"$(inherited)",
					"\"${PODS_CONFIGURATION_BUILD_DIR}/CocoaAsyncSocket/CocoaAsyncSocket.framework/Headers\"",
					"\"${PODS_CONFIGURATION_BUILD_DIR}/Criollo/Criollo.framework/Headers\"",
					"\"${PODS_CONFIGURATION_BUILD_DIR}/HTTPParserC/HTTPParserC.framework/Headers\"",
					"\"${PODS_CONFIGURATION_BUILD_DIR}/Telegraph/Telegraph.framework/Headers\"",
				);
				INFOPLIST_FILE = "SMServer copy-Info.plist";
				IPHONEOS_DEPLOYMENT_TARGET = 12.1;
				LD_RUNPATH_SEARCH_PATHS = (
					"$(inherited)",
					"@executable_path/Frameworks",
				);
				LIBRARY_SEARCH_PATHS = (
					"$(inherited)",
					"$(PROJECT_DIR)/SMServer",
				);
				LINKER_DISPLAYS_MANGLED_NAMES = NO;
				MARKETING_VERSION = 0.7.4;
				OTHER_LDFLAGS = (
					"$(inherited)",
					"-l\"z\"",
					"-framework",
					"\"CFNetwork\"",
					"-framework",
					"\"MobileCoreServices\"",
					"-ObjC",
					"$(inherited)",
				);
				PRODUCT_BUNDLE_IDENTIFIER = com.ianwelker.smserver;
				PRODUCT_NAME = "$(TARGET_NAME)";
				PROVISIONING_PROFILE_SPECIFIER = "";
				STRIP_INSTALLED_PRODUCT = YES;
				STRIP_STYLE = all;
				STRIP_SWIFT_SYMBOLS = YES;
				SWIFT_OBJC_BRIDGING_HEADER = "SMServer/shared/SMServer-Bridging-Header.h";
				SWIFT_OPTIMIZATION_LEVEL = "-O";
				SWIFT_VERSION = 5.0;
				SYSTEM_FRAMEWORK_SEARCH_PATHS = "\"$(PROJECT_DIR)/SMServer\"";
				TARGETED_DEVICE_FAMILY = "1,2";
			};
			name = Release;
		};
/* End XCBuildConfiguration section */

/* Begin XCConfigurationList section */
		3C128FF8259FEE4F0072CFD3 /* Build configuration list for PBXNativeTarget "SMServer_Mac" */ = {
			isa = XCConfigurationList;
			buildConfigurations = (
				3C128FF9259FEE4F0072CFD3 /* Debug */,
				3C128FFA259FEE4F0072CFD3 /* Release */,
			);
			defaultConfigurationIsVisible = 0;
			defaultConfigurationName = Release;
		};
		3C760E7E245BCFE000EF24FE /* Build configuration list for PBXProject "SMServer" */ = {
			isa = XCConfigurationList;
			buildConfigurations = (
				3C760EAB245BCFE100EF24FE /* Debug */,
				3C760EAC245BCFE100EF24FE /* Release */,
			);
			defaultConfigurationIsVisible = 0;
			defaultConfigurationName = Release;
		};
		3C760EAD245BCFE100EF24FE /* Build configuration list for PBXNativeTarget "SMServer" */ = {
			isa = XCConfigurationList;
			buildConfigurations = (
				3C760EAE245BCFE100EF24FE /* Debug */,
				3C760EAF245BCFE100EF24FE /* Release */,
			);
			defaultConfigurationIsVisible = 0;
			defaultConfigurationName = Release;
		};
		3CFFB0AE2655D56A002F1AC5 /* Build configuration list for PBXNativeTarget "SMServer12" */ = {
			isa = XCConfigurationList;
			buildConfigurations = (
				3CFFB0AF2655D56A002F1AC5 /* Debug */,
				3CFFB0B02655D56A002F1AC5 /* Release */,
			);
			defaultConfigurationIsVisible = 0;
			defaultConfigurationName = Release;
		};
/* End XCConfigurationList section */
	};
	rootObject = 3C760E7B245BCFE000EF24FE /* Project object */;
}
